
Microsoft Visual Studio Solution File, Format Version 12.00
# Visual Studio Version 16
VisualStudioVersion = 16.0.29728.190
MinimumVisualStudioVersion = 10.0.40219.1
Project("{FAE04EC0-301F-11D3-BF4B-00C04F79EFBC}") = "Eni.Formation.Console", "Eni.Formation.Console\Eni.Formation.Console.csproj", "{1A52D5F7-4B00-4F21-90FB-D85996764272}"
EndProject
Global
	GlobalSection(SolutionConfigurationPlatforms) = preSolution
		Debug|Any CPU = Debug|Any CPU
		Release|Any CPU = Release|Any CPU
	EndGlobalSection
	GlobalSection(ProjectConfigurationPlatforms) = postSolution
		{1A52D5F7-4B00-4F21-90FB-D85996764272}.Debug|Any CPU.ActiveCfg = Debug|Any CPU
		{1A52D5F7-4B00-4F21-90FB-D85996764272}.Debug|Any CPU.Build.0 = Debug|Any CPU
		{1A52D5F7-4B00-4F21-90FB-D85996764272}.Release|Any CPU.ActiveCfg = Release|Any CPU
		{1A52D5F7-4B00-4F21-90FB-D85996764272}.Release|Any CPU.Build.0 = Release|Any CPU
	EndGlobalSection
	GlobalSection(SolutionProperties) = preSolution
		HideSolutionNode = FALSE
	EndGlobalSection
	GlobalSection(ExtensibilityGlobals) = postSolution
		SolutionGuid = {25D6EE77-7397-482A-BCD0-44D4165CB519}
	EndGlobalSection
EndGlobal
